
Microsoft Visual Studio Solution File, Format Version 12.00
# Visual Studio 14
VisualStudioVersion = 14.0.23107.0
MinimumVisualStudioVersion = 10.0.40219.1
Project("{FAE04EC0-301F-11D3-BF4B-00C04F79EFBC}") = "Ejercicio 1", "Laboratorio 04L - Semana 3\Ejercicio 1.csproj", "{0D2D1253-4011-40B5-8A06-D43DA5A55B48}"
EndProject
Project("{FAE04EC0-301F-11D3-BF4B-00C04F79EFBC}") = "Ejercicio 2", "Ejercicio 2\Ejercicio 2.csproj", "{11D83FEE-37FD-4316-A136-D53E9C3F7D62}"
EndProject
Global
	GlobalSection(SolutionConfigurationPlatforms) = preSolution
		Debug|Any CPU = Debug|Any CPU
		Release|Any CPU = Release|Any CPU
	EndGlobalSection
	GlobalSection(ProjectConfigurationPlatforms) = postSolution
		{0D2D1253-4011-40B5-8A06-D43DA5A55B48}.Debug|Any CPU.ActiveCfg = Debug|Any CPU
		{0D2D1253-4011-40B5-8A06-D43DA5A55B48}.Debug|Any CPU.Build.0 = Debug|Any CPU
		{0D2D1253-4011-40B5-8A06-D43DA5A55B48}.Release|Any CPU.ActiveCfg = Release|Any CPU
		{0D2D1253-4011-40B5-8A06-D43DA5A55B48}.Release|Any CPU.Build.0 = Release|Any CPU
		{11D83FEE-37FD-4316-A136-D53E9C3F7D62}.Debug|Any CPU.ActiveCfg = Debug|Any CPU
		{11D83FEE-37FD-4316-A136-D53E9C3F7D62}.Debug|Any CPU.Build.0 = Debug|Any CPU
		{11D83FEE-37FD-4316-A136-D53E9C3F7D62}.Release|Any CPU.ActiveCfg = Release|Any CPU
		{11D83FEE-37FD-4316-A136-D53E9C3F7D62}.Release|Any CPU.Build.0 = Release|Any CPU
	EndGlobalSection
	GlobalSection(SolutionProperties) = preSolution
		HideSolutionNode = FALSE
	EndGlobalSection
EndGlobal
